{
  "name": "agentable",
  "version": "0.1.0",
  "lockfileVersion": 3,
  "requires": true,
  "packages": {
    "": {
      "name": "agentable",
      "version": "0.1.0",
      "license": "MIT",
      "dependencies": {
        "cli-ascii-logo": "^2.0.1"
      },
      "bin": {
        "agentable": "dist/cli.js"
      },
      "devDependencies": {
        "@types/node": "^22.13.10",
        "typescript": "^5.8.2"
      },
      "engines": {
        "node": ">=20"
      }
    },
    "node_modules/@types/node": {
      "version": "22.19.13",
      "resolved": "https://registry.npmjs.org/@types/node/-/node-22.19.13.tgz",
      "integrity": "sha512-akNQMv0wW5uyRpD2v2IEyRSZiR+BeGuoB6L310EgGObO44HSMNT8z1xzio28V8qOrgYaopIDNA18YgdXd+qTiw==",
      "dev": true,
      "license": "MIT",
      "dependencies": {
        "undici-types": "~6.21.0"
      }
    },
    "node_modules/@types/tinycolor2": {
      "version": "1.4.6",
      "resolved": "https://registry.npmjs.org/@types/tinycolor2/-/tinycolor2-1.4.6.tgz",
      "integrity": "sha512-iEN8J0BoMnsWBqjVbWH/c0G0Hh7O21lpR2/+PrvAVgWdzL7eexIFm4JN/Wn10PTcmNdtS6U67r499mlWMXOxNw==",
      "license": "MIT"
    },
    "node_modules/ansi-styles": {
      "version": "4.3.0",
      "resolved": "https://registry.npmjs.org/ansi-styles/-/ansi-styles-4.3.0.tgz",
      "integrity": "sha512-zbB9rCJAT1rbjiVDb2hqKFHNYLxgtk8NURxZ3IZwD3F6NtxbXZQCnnSi1Lkx+IDohdPlFp222wVALIheZJQSEg==",
      "license": "MIT",
      "dependencies": {
        "color-convert": "^2.0.1"
      },
      "engines": {
        "node": ">=8"
      },
      "funding": {
        "url": "https://github.com/chalk/ansi-styles?sponsor=1"
      }
    },
    "node_modules/chalk": {
      "version": "4.1.2",
      "resolved": "https://registry.npmjs.org/chalk/-/chalk-4.1.2.tgz",
      "integrity": "sha512-oKnbhFyRIXpUuez8iBMmyEa4nbj4IOQyuhc/wy9kY7/WVPcwIO9VA668Pu8RkO7+0G76SLROeyw9CpQ061i4mA==",
      "license": "MIT",
      "dependencies": {
        "ansi-styles": "^4.1.0",
        "supports-color": "^7.1.0"
      },
      "engines": {
        "node": ">=10"
      },
      "funding": {
        "url": "https://github.com/chalk/chalk?sponsor=1"
      }
    },
    "node_modules/cli-ascii-logo": {
      "version": "2.0.1",
      "resolved": "https://registry.npmjs.org/cli-ascii-logo/-/cli-ascii-logo-2.0.1.tgz",
      "integrity": "sha512-mvCxyeUyvnfLMKNdpGy6GDT7C88MMotl7HoCs+MyEnPApYGGlth/9ZpRbVmnM05sl1sbWJsmVOnoBl63QUaGfA==",
      "license": "MIT",
      "dependencies": {
        "figlet": "^1.7.0",
        "gradient-string": "^2.0.2"
      },
      "bin": {
        "cli-ascii-logo": "dist/cli.js"
      },
      "engines": {
        "node": ">=14.0.0"
      }
    },
    "node_modules/color-convert": {
      "version": "2.0.1",
      "resolved": "https://registry.npmjs.org/color-convert/-/color-convert-2.0.1.tgz",
      "integrity": "sha512-RRECPsj7iu/xb5oKYcsFHSppFNnsj/52OVTRKb4zP5onXwVF3zVmmToNcOfGC+CRDpfK/U584fMg38ZHCaElKQ==",
      "license": "MIT",
      "dependencies": {
        "color-name": "~1.1.4"
      },
      "engines": {
        "node": ">=7.0.0"
      }
    },
    "node_modules/color-name": {
      "version": "1.1.4",
      "resolved": "https://registry.npmjs.org/color-name/-/color-name-1.1.4.tgz",
      "integrity": "sha512-dOy+3AuW3a2wNbZHIuMZpTcgjGuLU/uBL/ubcZF9OXbDo8ff4O8yVp5Bf0efS8uEoYo5q4Fx7dY9OgQGXgAsQA==",
      "license": "MIT"
    },
    "node_modules/commander": {
      "version": "14.0.3",
      "resolved": "https://registry.npmjs.org/commander/-/commander-14.0.3.tgz",
      "integrity": "sha512-H+y0Jo/T1RZ9qPP4Eh1pkcQcLRglraJaSLoyOtHxu6AapkjWVCy2Sit1QQ4x3Dng8qDlSsZEet7g5Pq06MvTgw==",
      "license": "MIT",
      "engines": {
        "node": ">=20"
      }
    },
    "node_modules/figlet": {
      "version": "1.10.0",
      "resolved": "https://registry.npmjs.org/figlet/-/figlet-1.10.0.tgz",
      "integrity": "sha512-aktIwEZZ6Gp9AWdMXW4YCi0J2Ahuxo67fNJRUIWD81w8pQ0t9TS8FFpbl27ChlTLF06VkwjDesZSzEVzN75rzA==",
      "license": "MIT",
      "dependencies": {
        "commander": "^14.0.0"
      },
      "bin": {
        "figlet": "bin/index.js"
      },
      "engines": {
        "node": ">= 17.0.0"
      }
    },
    "node_modules/gradient-string": {
      "version": "2.0.2",
      "resolved": "https://registry.npmjs.org/gradient-string/-/gradient-string-2.0.2.tgz",
      "integrity": "sha512-rEDCuqUQ4tbD78TpzsMtt5OIf0cBCSDWSJtUDaF6JsAh+k0v9r++NzxNEG87oDZx9ZwGhD8DaezR2L/yrw0Jdw==",
      "license": "MIT",
      "dependencies": {
        "chalk": "^4.1.2",
        "tinygradient": "^1.1.5"
      },
      "engines": {
        "node": ">=10"
      }
    },
    "node_modules/has-flag": {
      "version": "4.0.0",
      "resolved": "https://registry.npmjs.org/has-flag/-/has-flag-4.0.0.tgz",
      "integrity": "sha512-EykJT/Q1KjTWctppgIAgfSO0tKVuZUjhgMr17kqTumMl6Afv3EISleU7qZUzoXDFTAHTDC4NOoG/ZxU3EvlMPQ==",
      "license": "MIT",
      "engines": {
        "node": ">=8"
      }
    },
    "node_modules/supports-color": {
      "version": "7.2.0",
      "resolved": "https://registry.npmjs.org/supports-color/-/supports-color-7.2.0.tgz",
      "integrity": "sha512-qpCAvRl9stuOHveKsn7HncJRvv501qIacKzQlO/+Lwxc9+0q2wLyv4Dfvt80/DPn2pqOBsJdDiogXGR9+OvwRw==",
      "license": "MIT",
      "dependencies": {
        "has-flag": "^4.0.0"
      },
      "engines": {
        "node": ">=8"
      }
    },
    "node_modules/tinycolor2": {
      "version": "1.6.0",
      "resolved": "https://registry.npmjs.org/tinycolor2/-/tinycolor2-1.6.0.tgz",
      "integrity": "sha512-XPaBkWQJdsf3pLKJV9p4qN/S+fm2Oj8AIPo1BTUhg5oxkvm9+SVEGFdhyOz7tTdUTfvxMiAs4sp6/eZO2Ew+pw==",
      "license": "MIT"
    },
    "node_modules/tinygradient": {
      "version": "1.1.5",
      "resolved": "https://registry.npmjs.org/tinygradient/-/tinygradient-1.1.5.tgz",
      "integrity": "sha512-8nIfc2vgQ4TeLnk2lFj4tRLvvJwEfQuabdsmvDdQPT0xlk9TaNtpGd6nNRxXoK6vQhN6RSzj+Cnp5tTQmpxmbw==",
      "license": "MIT",
      "dependencies": {
        "@types/tinycolor2": "^1.4.0",
        "tinycolor2": "^1.0.0"
      }
    },
    "node_modules/typescript": {
      "version": "5.9.3",
      "resolved": "https://registry.npmjs.org/typescript/-/typescript-5.9.3.tgz",
      "integrity": "sha512-jl1vZzPDinLr9eUt3J/t7V6FgNEw9QjvBPdysz9KfQDD41fQrC2Y4vKQdiaUpFT4bXlb1RHhLpp8wtm6M5TgSw==",
      "dev": true,
      "license": "Apache-2.0",
      "bin": {
        "tsc": "bin/tsc",
        "tsserver": "bin/tsserver"
      },
      "engines": {
        "node": ">=14.17"
      }
    },
    "node_modules/undici-types": {
      "version": "6.21.0",
      "resolved": "https://registry.npmjs.org/undici-types/-/undici-types-6.21.0.tgz",
      "integrity": "sha512-iwDZqg0QAGrg9Rav5H4n0M64c3mkR59cJ6wQp+7C4nI0gsmExaedaYLNO44eT4AtBBwjbTiGPMlt2Md0T9H9JQ==",
      "dev": true,
      "license": "MIT"
    }
  }
}
